
Microsoft Visual Studio Solution File, Format Version 12.00
# Visual Studio 15
VisualStudioVersion = 15.0.28010.2003
MinimumVisualStudioVersion = 10.0.40219.1
Project("{FAE04EC0-301F-11D3-BF4B-00C04F79EFBC}") = "BSMulti Installer", "BSMulti Installer\BSMulti Installer.csproj", "{6040F34A-783F-4F98-8C1F-B7EC360879C1}"
EndProject
Global
	GlobalSection(SolutionConfigurationPlatforms) = preSolution
		Debug|Any CPU = Debug|Any CPU
		Release|Any CPU = Release|Any CPU
	EndGlobalSection
	GlobalSection(ProjectConfigurationPlatforms) = postSolution
		{6040F34A-783F-4F98-8C1F-B7EC360879C1}.Debug|Any CPU.ActiveCfg = Debug|Any CPU
		{6040F34A-783F-4F98-8C1F-B7EC360879C1}.Debug|Any CPU.Build.0 = Debug|Any CPU
		{6040F34A-783F-4F98-8C1F-B7EC360879C1}.Release|Any CPU.ActiveCfg = Release|Any CPU
		{6040F34A-783F-4F98-8C1F-B7EC360879C1}.Release|Any CPU.Build.0 = Release|Any CPU
	EndGlobalSection
	GlobalSection(SolutionProperties) = preSolution
		HideSolutionNode = FALSE
	EndGlobalSection
	GlobalSection(ExtensibilityGlobals) = postSolution
		SolutionGuid = {EEAA1D0D-B7F0-4143-B9F5-7725480E28E3}
	EndGlobalSection
EndGlobal
